
Microsoft Visual Studio Solution File, Format Version 12.00
# Visual Studio Version 16
VisualStudioVersion = 16.0.31005.135
MinimumVisualStudioVersion = 10.0.40219.1
Project("{8BC9CEB8-8B4A-11D0-8D11-00A0C91BC942}") = "CppGumtree1", "CppGumtree1\CppGumtree1.vcxproj", "{5DDD9A60-4C08-4180-91A1-38B8CF640F55}"
EndProject
Project("{8BC9CEB8-8B4A-11D0-8D11-00A0C91BC942}") = "CppGumtreeTests", "CppGumtreeTests\CppGumtreeTests.vcxproj", "{C7B0835C-9DF1-4C6D-8427-4511FF23C483}"
EndProject
Global
	GlobalSection(SolutionConfigurationPlatforms) = preSolution
		Debug|x64 = Debug|x64
		Debug|x86 = Debug|x86
		Release|x64 = Release|x64
		Release|x86 = Release|x86
	EndGlobalSection
	GlobalSection(ProjectConfigurationPlatforms) = postSolution
		{5DDD9A60-4C08-4180-91A1-38B8CF640F55}.Debug|x64.ActiveCfg = Debug|x64
		{5DDD9A60-4C08-4180-91A1-38B8CF640F55}.Debug|x64.Build.0 = Debug|x64
		{5DDD9A60-4C08-4180-91A1-38B8CF640F55}.Debug|x86.ActiveCfg = Debug|Win32
		{5DDD9A60-4C08-4180-91A1-38B8CF640F55}.Debug|x86.Build.0 = Debug|Win32
		{5DDD9A60-4C08-4180-91A1-38B8CF640F55}.Release|x64.ActiveCfg = Release|x64
		{5DDD9A60-4C08-4180-91A1-38B8CF640F55}.Release|x64.Build.0 = Release|x64
		{5DDD9A60-4C08-4180-91A1-38B8CF640F55}.Release|x86.ActiveCfg = Release|Win32
		{5DDD9A60-4C08-4180-91A1-38B8CF640F55}.Release|x86.Build.0 = Release|Win32
		{C7B0835C-9DF1-4C6D-8427-4511FF23C483}.Debug|x64.ActiveCfg = Debug|x64
		{C7B0835C-9DF1-4C6D-8427-4511FF23C483}.Debug|x64.Build.0 = Debug|x64
		{C7B0835C-9DF1-4C6D-8427-4511FF23C483}.Debug|x86.ActiveCfg = Debug|Win32
		{C7B0835C-9DF1-4C6D-8427-4511FF23C483}.Debug|x86.Build.0 = Debug|Win32
		{C7B0835C-9DF1-4C6D-8427-4511FF23C483}.Release|x64.ActiveCfg = Release|x64
		{C7B0835C-9DF1-4C6D-8427-4511FF23C483}.Release|x64.Build.0 = Release|x64
		{C7B0835C-9DF1-4C6D-8427-4511FF23C483}.Release|x86.ActiveCfg = Release|Win32
		{C7B0835C-9DF1-4C6D-8427-4511FF23C483}.Release|x86.Build.0 = Release|Win32
	EndGlobalSection
	GlobalSection(SolutionProperties) = preSolution
		HideSolutionNode = FALSE
	EndGlobalSection
	GlobalSection(ExtensibilityGlobals) = postSolution
		SolutionGuid = {5C375601-216D-4071-BA35-02FD030A9C15}
	EndGlobalSection
EndGlobal
